
Microsoft Visual Studio Solution File, Format Version 12.00
# Visual Studio Version 17
VisualStudioVersion = 17.7.34221.43
MinimumVisualStudioVersion = 10.0.40219.1
Project("{9A19103F-16F7-4668-BE54-9A1E7A4F7556}") = "MapLinkProApp", "MapLinkProApp.csproj", "{70944E1B-57CD-4191-B38E-B4BB6D424929}"
	ProjectSection(ProjectDependencies) = postProject
		{95CFB164-3FC3-4A71-8E6F-0258DA7E678C} = {95CFB164-3FC3-4A71-8E6F-0258DA7E678C}
		{5C1747EC-18F6-42CA-A2F0-001938105055} = {5C1747EC-18F6-42CA-A2F0-001938105055}
	EndProjectSection
EndProject
Project("{FAE04EC0-301F-11D3-BF4B-00C04F79EFBC}") = "DrawingSurfacePanel", "..\DrawingSurfacePanel\DrawingSurfacePanel.csproj", "{95CFB164-3FC3-4A71-8E6F-0258DA7E678C}"
EndProject
Project("{FAE04EC0-301F-11D3-BF4B-00C04F79EFBC}") = "Envitia.MapLink.Grids", "..\Envitia.MapLink.Grids\Envitia.MapLink.Grids.csproj", "{17453A68-5CCA-4035-A57E-E53BE4AF0469}"
EndProject
Global
	GlobalSection(SolutionConfigurationPlatforms) = preSolution
		Debug|Any CPU = Debug|Any CPU
		Debug|x64 = Debug|x64
		Debug|x86 = Debug|x86
		Release|Any CPU = Release|Any CPU
		Release|x64 = Release|x64
		Release|x86 = Release|x86
	EndGlobalSection
	GlobalSection(ProjectConfigurationPlatforms) = postSolution
		{70944E1B-57CD-4191-B38E-B4BB6D424929}.Debug|Any CPU.ActiveCfg = Debug|Any CPU
		{70944E1B-57CD-4191-B38E-B4BB6D424929}.Debug|Any CPU.Build.0 = Debug|Any CPU
		{70944E1B-57CD-4191-B38E-B4BB6D424929}.Debug|x64.ActiveCfg = Debug|Any CPU
		{70944E1B-57CD-4191-B38E-B4BB6D424929}.Debug|x64.Build.0 = Debug|Any CPU
		{70944E1B-57CD-4191-B38E-B4BB6D424929}.Debug|x86.ActiveCfg = Debug|Any CPU
		{70944E1B-57CD-4191-B38E-B4BB6D424929}.Debug|x86.Build.0 = Debug|Any CPU
		{70944E1B-57CD-4191-B38E-B4BB6D424929}.Release|Any CPU.ActiveCfg = Release|Any CPU
		{70944E1B-57CD-4191-B38E-B4BB6D424929}.Release|Any CPU.Build.0 = Release|Any CPU
		{70944E1B-57CD-4191-B38E-B4BB6D424929}.Release|x64.ActiveCfg = Release|Any CPU
		{70944E1B-57CD-4191-B38E-B4BB6D424929}.Release|x64.Build.0 = Release|Any CPU
		{70944E1B-57CD-4191-B38E-B4BB6D424929}.Release|x86.ActiveCfg = Release|Any CPU
		{70944E1B-57CD-4191-B38E-B4BB6D424929}.Release|x86.Build.0 = Release|Any CPU
		{95CFB164-3FC3-4A71-8E6F-0258DA7E678C}.Debug|Any CPU.ActiveCfg = Debug|x64
		{95CFB164-3FC3-4A71-8E6F-0258DA7E678C}.Debug|Any CPU.Build.0 = Debug|x64
		{95CFB164-3FC3-4A71-8E6F-0258DA7E678C}.Debug|x64.ActiveCfg = Debug|x64
		{95CFB164-3FC3-4A71-8E6F-0258DA7E678C}.Debug|x64.Build.0 = Debug|x64
		{95CFB164-3FC3-4A71-8E6F-0258DA7E678C}.Debug|x86.ActiveCfg = Debug|x86
		{95CFB164-3FC3-4A71-8E6F-0258DA7E678C}.Debug|x86.Build.0 = Debug|x86
		{95CFB164-3FC3-4A71-8E6F-0258DA7E678C}.Release|Any CPU.ActiveCfg = Release|x86
		{95CFB164-3FC3-4A71-8E6F-0258DA7E678C}.Release|x64.ActiveCfg = Release|x64
		{95CFB164-3FC3-4A71-8E6F-0258DA7E678C}.Release|x64.Build.0 = Release|x64
		{95CFB164-3FC3-4A71-8E6F-0258DA7E678C}.Release|x86.ActiveCfg = Release|x86
		{95CFB164-3FC3-4A71-8E6F-0258DA7E678C}.Release|x86.Build.0 = Release|x86
		{5C1747EC-18F6-42CA-A2F0-001938105055}.Debug|Any CPU.ActiveCfg = Debug|Any CPU
		{5C1747EC-18F6-42CA-A2F0-001938105055}.Debug|Any CPU.Build.0 = Debug|Any CPU
		{5C1747EC-18F6-42CA-A2F0-001938105055}.Debug|x64.ActiveCfg = Debug|Any CPU
		{5C1747EC-18F6-42CA-A2F0-001938105055}.Debug|x64.Build.0 = Debug|Any CPU
		{5C1747EC-18F6-42CA-A2F0-001938105055}.Debug|x86.ActiveCfg = Debug|Any CPU
		{5C1747EC-18F6-42CA-A2F0-001938105055}.Debug|x86.Build.0 = Debug|Any CPU
		{5C1747EC-18F6-42CA-A2F0-001938105055}.Release|Any CPU.ActiveCfg = Release|Any CPU
		{5C1747EC-18F6-42CA-A2F0-001938105055}.Release|Any CPU.Build.0 = Release|Any CPU
		{5C1747EC-18F6-42CA-A2F0-001938105055}.Release|x64.ActiveCfg = Release|Any CPU
		{5C1747EC-18F6-42CA-A2F0-001938105055}.Release|x64.Build.0 = Release|Any CPU
		{5C1747EC-18F6-42CA-A2F0-001938105055}.Release|x86.ActiveCfg = Release|Any CPU
		{5C1747EC-18F6-42CA-A2F0-001938105055}.Release|x86.Build.0 = Release|Any CPU
		{17453A68-5CCA-4035-A57E-E53BE4AF0469}.Debug|Any CPU.ActiveCfg = Debug|Any CPU
		{17453A68-5CCA-4035-A57E-E53BE4AF0469}.Debug|Any CPU.Build.0 = Debug|Any CPU
		{17453A68-5CCA-4035-A57E-E53BE4AF0469}.Debug|x64.ActiveCfg = Debug|Any CPU
		{17453A68-5CCA-4035-A57E-E53BE4AF0469}.Debug|x64.Build.0 = Debug|Any CPU
		{17453A68-5CCA-4035-A57E-E53BE4AF0469}.Debug|x86.ActiveCfg = Debug|Any CPU
		{17453A68-5CCA-4035-A57E-E53BE4AF0469}.Debug|x86.Build.0 = Debug|Any CPU
		{17453A68-5CCA-4035-A57E-E53BE4AF0469}.Release|Any CPU.ActiveCfg = Release|Any CPU
		{17453A68-5CCA-4035-A57E-E53BE4AF0469}.Release|Any CPU.Build.0 = Release|Any CPU
		{17453A68-5CCA-4035-A57E-E53BE4AF0469}.Release|x64.ActiveCfg = Release|Any CPU
		{17453A68-5CCA-4035-A57E-E53BE4AF0469}.Release|x64.Build.0 = Release|Any CPU
		{17453A68-5CCA-4035-A57E-E53BE4AF0469}.Release|x86.ActiveCfg = Release|Any CPU
		{17453A68-5CCA-4035-A57E-E53BE4AF0469}.Release|x86.Build.0 = Release|Any CPU
	EndGlobalSection
	GlobalSection(SolutionProperties) = preSolution
		HideSolutionNode = FALSE
	EndGlobalSection
	GlobalSection(ExtensibilityGlobals) = postSolution
		SolutionGuid = {94C1A2C2-0D42-4078-BF52-7FCD294869F9}
	EndGlobalSection
EndGlobal
